lockfileVersion: '9.0'

settings:
  autoInstallPeers: true
  excludeLinksFromLockfile: false

importers:

  .:
    devDependencies:
      '@prettier/plugin-php':
        specifier: ^0.25.0
        version: 0.25.0(prettier@3.8.2)
      '@zackad/prettier-plugin-twig':
        specifier: ^0.17.0
        version: 0.17.0
      prettier:
        specifier: ^3.8.2
        version: 3.8.2

packages:

  '@babel/code-frame@7.29.0':
    resolution: {integrity: sha512-9NhCeYjq9+3uxgdtp20LSiJXJvN0FeCtNGpJxuMFZ1Kv3cWUNb6DOhJwUvcVCzKGR66cw4njwM6hrJLqgOwbcw==}
    engines: {node: '>=6.9.0'}

  '@babel/helper-string-parser@7.27.1':
    resolution: {integrity: sha512-qMlSxKbpRlAridDExk92nSobyDdpPijUq2DW6oDnUqd0iOGxmQjyqhMIihI9+zv4LPyZdRje2cavWPbCbWm3eA==}
    engines: {node: '>=6.9.0'}

  '@babel/helper-validator-identifier@7.28.5':
    resolution: {integrity: sha512-qSs4ifwzKJSV39ucNjsvc6WVHs6b7S03sOh2OcHF9UHfVPqWWALUsNUVzhSBiItjRZoLHx7nIarVjqKVusUZ1Q==}
    engines: {node: '>=6.9.0'}

  '@babel/parser@7.29.2':
    resolution: {integrity: sha512-4GgRzy/+fsBa72/RZVJmGKPmZu9Byn8o4MoLpmNe1m8ZfYnz5emHLQz3U4gLud6Zwl0RZIcgiLD7Uq7ySFuDLA==}
    engines: {node: '>=6.0.0'}
    hasBin: true

  '@babel/template@7.28.6':
    resolution: {integrity: sha512-YA6Ma2KsCdGb+WC6UpBVFJGXL58MDA6oyONbjyF/+5sBgxY/dwkhLogbMT2GXXyU84/IhRw/2D1Os1B/giz+BQ==}
    engines: {node: '>=6.9.0'}

  '@babel/types@7.29.0':
    resolution: {integrity: sha512-LwdZHpScM4Qz8Xw2iKSzS+cfglZzJGvofQICy7W7v4caru4EaAmyUuO6BGrbyQ2mYV11W0U8j5mBhd14dd3B0A==}
    engines: {node: '>=6.9.0'}

  '@prettier/plugin-php@0.25.0':
    resolution: {integrity: sha512-hi0NhucbspYqw5pZYKywEk5CxsBwA0pBcG6K08AZw7OQDoUm4Hhbxql7z/SzQGeTRHqak5PwDnVNgttZiZdrlg==}
    peerDependencies:
      prettier: ^3.0.0

  '@zackad/prettier-plugin-twig@0.17.0':
    resolution: {integrity: sha512-vEuR3vDP5ydWMTBhs7sDvsSz6Ttd5BCCO0/I9GmlFRylJ60R8aw9c0fPAHDTylw07+8RxOBjTMKlpEf+Vo9PdQ==}
    engines: {node: '>=18'}

  he@1.2.0:
    resolution: {integrity: sha512-F/1DnUGPopORZi0ni+CvrCgHQ5FyEAHRLSApuYWMmrbSwoN2Mn/7k+Gl38gJnR7yyDZk6WLXwiGod1JOWNDKGw==}
    hasBin: true

  js-tokens@4.0.0:
    resolution: {integrity: sha512-RdJUflcE3cUzKiMqQgsCu06FPu9UdIJO0beYbPhHN4k6apgJtifcoCtT9bcxOpYBtpD2kCM6Sbzg4CausW/PKQ==}

  linguist-languages@8.2.0:
    resolution: {integrity: sha512-KCUUH9x97QWYU0SXOCGxUrZR6cSfuQrMhABB7L/0I8N0LXOeaKe7+RZs7FAwvWCV2qKfZ4Wv1luLq4OfMezSJg==}

  lodash@4.18.1:
    resolution: {integrity: sha512-dMInicTPVE8d1e5otfwmmjlxkZoUpiVLwyeTdUsi/Caj/gfzzblBcCE5sRHV/AsjuCmxWrte2TNGSYuCeCq+0Q==}

  php-parser@3.5.1:
    resolution: {integrity: sha512-0By/iMXxBM9nIapBXOdFGHlD2os9t/3Pk1aIavUzCH7jKFPjq1WYeOVOv/iXhELCjlL4ZlzKwK1keyxLQjll8g==}

  picocolors@1.1.1:
    resolution: {integrity: sha512-xceH2snhtb5M9liqDsmEw56le376mTZkEX/jEb/RxNFyegNul7eNslCXP9FDj/Lcu0X8KEyMceP2ntpaHrDEVA==}

  prettier@3.8.2:
    resolution: {integrity: sha512-8c3mgTe0ASwWAJK+78dpviD+A8EqhndQPUBpNUIPt6+xWlIigCwfN01lWr9MAede4uqXGTEKeQWTvzb3vjia0Q==}
    engines: {node: '>=14'}
    hasBin: true

snapshots:

  '@babel/code-frame@7.29.0':
    dependencies:
      '@babel/helper-validator-identifier': 7.28.5
      js-tokens: 4.0.0
      picocolors: 1.1.1

  '@babel/helper-string-parser@7.27.1': {}

  '@babel/helper-validator-identifier@7.28.5': {}

  '@babel/parser@7.29.2':
    dependencies:
      '@babel/types': 7.29.0

  '@babel/template@7.28.6':
    dependencies:
      '@babel/code-frame': 7.29.0
      '@babel/parser': 7.29.2
      '@babel/types': 7.29.0

  '@babel/types@7.29.0':
    dependencies:
      '@babel/helper-string-parser': 7.27.1
      '@babel/helper-validator-identifier': 7.28.5

  '@prettier/plugin-php@0.25.0(prettier@3.8.2)':
    dependencies:
      linguist-languages: 8.2.0
      php-parser: 3.5.1
      prettier: 3.8.2

  '@zackad/prettier-plugin-twig@0.17.0':
    dependencies:
      '@babel/template': 7.28.6
      '@babel/types': 7.29.0
      he: 1.2.0
      lodash: 4.18.1
      prettier: 3.8.2

  he@1.2.0: {}

  js-tokens@4.0.0: {}

  linguist-languages@8.2.0: {}

  lodash@4.18.1: {}

  php-parser@3.5.1: {}

  picocolors@1.1.1: {}

  prettier@3.8.2: {}
